
Microsoft Visual Studio Solution File, Format Version 12.00
# Visual Studio Version 17
VisualStudioVersion = 17.1.32228.430
MinimumVisualStudioVersion = 10.0.40219.1
Project("{FAE04EC0-301F-11D3-BF4B-00C04F79EFBC}") = "WinFormsApp1", "WinFormsApp1\WinFormsApp1.csproj", "{671C5DDC-4073-4D46-AC3E-3CC93CD0B46C}"
EndProject
Global
	GlobalSection(SolutionConfigurationPlatforms) = preSolution
		Debug|Any CPU = Debug|Any CPU
		Release|Any CPU = Release|Any CPU
	EndGlobalSection
	GlobalSection(ProjectConfigurationPlatforms) = postSolution
		{671C5DDC-4073-4D46-AC3E-3CC93CD0B46C}.Debug|Any CPU.ActiveCfg = Debug|Any CPU
		{671C5DDC-4073-4D46-AC3E-3CC93CD0B46C}.Debug|Any CPU.Build.0 = Debug|Any CPU
		{671C5DDC-4073-4D46-AC3E-3CC93CD0B46C}.Release|Any CPU.ActiveCfg = Release|Any CPU
		{671C5DDC-4073-4D46-AC3E-3CC93CD0B46C}.Release|Any CPU.Build.0 = Release|Any CPU
	EndGlobalSection
	GlobalSection(SolutionProperties) = preSolution
		HideSolutionNode = FALSE
	EndGlobalSection
	GlobalSection(ExtensibilityGlobals) = postSolution
		SolutionGuid = {72763DCB-35D1-4E6A-ABFA-023C18986A4C}
	EndGlobalSection
EndGlobal
